// !$*UTF8*$!
{
	archiveVersion = 1;
	classes = {
	};
	objectVersion = 48;
	objects = {

/* Begin PBXBuildFile section */
		06DCAA3A1F3327C6006917D9 /* AppDelegate.swift in Sources */ = {isa = PBXBuildFile; fileRef = 06DCAA391F3327C5006917D9 /* AppDelegate.swift */; };
		06DCAA3C1F3327C6006917D9 /* art.scnassets in Resources */ = {isa = PBXBuildFile; fileRef = 06DCAA3B1F3327C6006917D9 /* art.scnassets */; };
		06DCAA3E1F3327C6006917D9 /* ViewController.swift in Sources */ = {isa = PBXBuildFile; fileRef = 06DCAA3D1F3327C6006917D9 /* ViewController.swift */; };
		06DCAA411F3327C6006917D9 /* Main.storyboard in Resources */ = {isa = PBXBuildFile; fileRef = 06DCAA3F1F3327C6006917D9 /* Main.storyboard */; };
		06DCAA431F3327C6006917D9 /* Assets.xcassets in Resources */ = {isa = PBXBuildFile; fileRef = 06DCAA421F3327C6006917D9 /* Assets.xcassets */; };
		06DCAA461F3327C6006917D9 /* LaunchScreen.storyboard in Resources */ = {isa = PBXBuildFile; fileRef = 06DCAA441F3327C6006917D9 /* LaunchScreen.storyboard */; };
/* End PBXBuildFile section */

/* Begin PBXFileReference section */
		06DCAA361F3327C5006917D9 /* cARd.app */ = {isa = PBXFileReference; explicitFileType = wrapper.application; includeInIndex = 0; path = cARd.app; sourceTree = BUILT_PRODUCTS_DIR; };
		06DCAA391F3327C5006917D9 /* AppDelegate.swift */ = {isa = PBXFileReference; lastKnownFileType = sourcecode.swift; path = AppDelegate.swift; sourceTree = "<group>"; };
		06DCAA3B1F3327C6006917D9 /* art.scnassets */ = {isa = PBXFileReference; lastKnownFileType = wrapper.scnassets; path = art.scnassets; sourceTree = "<group>"; };
		06DCAA3D1F3327C6006917D9 /* ViewController.swift */ = {isa = PBXFileReference; lastKnownFileType = sourcecode.swift; path = ViewController.swift; sourceTree = "<group>"; };
		06DCAA401F3327C6006917D9 /* Base */ = {isa = PBXFileReference; lastKnownFileType = file.storyboard; name = Base; path = Base.lproj/Main.storyboard; sourceTree = "<group>"; };
		06DCAA421F3327C6006917D9 /* Assets.xcassets */ = {isa = PBXFileReference; lastKnownFileType = folder.assetcatalog; path = Assets.xcassets; sourceTree = "<group>"; };
		06DCAA451F3327C6006917D9 /* Base */ = {isa = PBXFileReference; lastKnownFileType = file.storyboard; name = Base; path = Base.lproj/LaunchScreen.storyboard; sourceTree = "<group>"; };
		06DCAA471F3327C6006917D9 /* Info.plist */ = {isa = PBXFileReference; lastKnownFileType = text.plist.xml; path = Info.plist; sourceTree = "<group>"; };
/* End PBXFileReference section */

/* Begin PBXFrameworksBuildPhase section */
		06DCAA331F3327C5006917D9 /* Frameworks */ = {
			isa = PBXFrameworksBuildPhase;
			buildActionMask = 2147483647;
			files = (
			);
			runOnlyForDeploymentPostprocessing = 0;
		};
/* End PBXFrameworksBuildPhase section */

/* Begin PBXGroup section */
		06DCAA2D1F3327C5006917D9 = {
			isa = PBXGroup;
			children = (
				06DCAA381F3327C5006917D9 /* cARd */,
				06DCAA371F3327C5006917D9 /* Products */,
			);
			sourceTree = "<group>";
		};
		06DCAA371F3327C5006917D9 /* Products */ = {
			isa = PBXGroup;
			children = (
				06DCAA361F3327C5006917D9 /* cARd.app */,
			);
			name = Products;
			sourceTree = "<group>";
		};
		06DCAA381F3327C5006917D9 /* cARd */ = {
			isa = PBXGroup;
			children = (
				06DCAA391F3327C5006917D9 /* AppDelegate.swift */,
				06DCAA3B1F3327C6006917D9 /* art.scnassets */,
				06DCAA3D1F3327C6006917D9 /* ViewController.swift */,
				06DCAA3F1F3327C6006917D9 /* Main.storyboard */,
				06DCAA421F3327C6006917D9 /* Assets.xcassets */,
				06DCAA441F3327C6006917D9 /* LaunchScreen.storyboard */,
				06DCAA471F3327C6006917D9 /* Info.plist */,
			);
			path = cARd;
			sourceTree = "<group>";
		};
/* End PBXGroup section */

/* Begin PBXNativeTarget section */
		06DCAA351F3327C5006917D9 /* cARd */ = {
			isa = PBXNativeTarget;
			buildConfigurationList = 06DCAA4A1F3327C6006917D9 /* Build configuration list for PBXNativeTarget "cARd" */;
			buildPhases = (
				06DCAA321F3327C5006917D9 /* Sources */,
				06DCAA331F3327C5006917D9 /* Frameworks */,
				06DCAA341F3327C5006917D9 /* Resources */,
			);
			buildRules = (
			);
			dependencies = (
			);
			name = cARd;
			productName = cARd;
			productReference = 06DCAA361F3327C5006917D9 /* cARd.app */;
			productType = "com.apple.product-type.application";
		};
/* End PBXNativeTarget section */

/* Begin PBXProject section */
		06DCAA2E1F3327C5006917D9 /* Project object */ = {
			isa = PBXProject;
			attributes = {
				LastSwiftUpdateCheck = 0900;
				LastUpgradeCheck = 0900;
				ORGANIZATIONNAME = Rosberry;
				TargetAttributes = {
					06DCAA351F3327C5006917D9 = {
						CreatedOnToolsVersion = 9.0;
					};
				};
			};
			buildConfigurationList = 06DCAA311F3327C5006917D9 /* Build configuration list for PBXProject "cARd" */;
			compatibilityVersion = "Xcode 8.0";
			developmentRegion = en;
			hasScannedForEncodings = 0;
			knownRegions = (
				en,
				Base,
			);
			mainGroup = 06DCAA2D1F3327C5006917D9;
			productRefGroup = 06DCAA371F3327C5006917D9 /* Products */;
			projectDirPath = "";
			projectRoot = "";
			targets = (
				06DCAA351F3327C5006917D9 /* cARd */,
			);
		};
/* End PBXProject section */

/* Begin PBXResourcesBuildPhase section */
		06DCAA341F3327C5006917D9 /* Resources */ = {
			isa = PBXResourcesBuildPhase;
			buildActionMask = 2147483647;
			files = (
				06DCAA3C1F3327C6006917D9 /* art.scnassets in Resources */,
				06DCAA461F3327C6006917D9 /* LaunchScreen.storyboard in Resources */,
				06DCAA431F3327C6006917D9 /* Assets.xcassets in Resources */,
				06DCAA411F3327C6006917D9 /* Main.storyboard in Resources */,
			);
			runOnlyForDeploymentPostprocessing = 0;
		};
/* End PBXResourcesBuildPhase section */

/* Begin PBXSourcesBuildPhase section */
		06DCAA321F3327C5006917D9 /* Sources */ = {
			isa = PBXSourcesBuildPhase;
			buildActionMask = 2147483647;
			files = (
				06DCAA3E1F3327C6006917D9 /* ViewController.swift in Sources */,
				06DCAA3A1F3327C6006917D9 /* AppDelegate.swift in Sources */,
			);
			runOnlyForDeploymentPostprocessing = 0;
		};
/* End PBXSourcesBuildPhase section */

/* Begin PBXVariantGroup section */
		06DCAA3F1F3327C6006917D9 /* Main.storyboard */ = {
			isa = PBXVariantGroup;
			children = (
				06DCAA401F3327C6006917D9 /* Base */,
			);
			name = Main.storyboard;
			sourceTree = "<group>";
		};
		06DCAA441F3327C6006917D9 /* LaunchScreen.storyboard */ = {
			isa = PBXVariantGroup;
			children = (
				06DCAA451F3327C6006917D9 /* Base */,
			);
			name = LaunchScreen.storyboard;
			sourceTree = "<group>";
		};
/* End PBXVariantGroup section */

/* Begin XCBuildConfiguration section */
		06DCAA481F3327C6006917D9 /* Debug */ = {
			isa = XCBuildConfiguration;
			buildSettings = {
				ALWAYS_SEARCH_USER_PATHS = NO;
				CLANG_ANALYZER_NONNULL = YES;
				CLANG_ANALYZER_NUMBER_OBJECT_CONVERSION = YES_AGGRESSIVE;
				CLANG_CXX_LANGUAGE_STANDARD = "gnu++14";
				CLANG_CXX_LIBRARY = "libc++";
				CLANG_ENABLE_MODULES = YES;
				CLANG_ENABLE_OBJC_ARC = YES;
				CLANG_WARN_BLOCK_CAPTURE_AUTORELEASING = YES;
				CLANG_WARN_BOOL_CONVERSION = YES;
				CLANG_WARN_COMMA = YES;
				CLANG_WARN_CONSTANT_CONVERSION = YES;
				CLANG_WARN_DIRECT_OBJC_ISA_USAGE = YES_ERROR;
				CLANG_WARN_DOCUMENTATION_COMMENTS = YES;
				CLANG_WARN_EMPTY_BODY = YES;
				CLANG_WARN_ENUM_CONVERSION = YES;
				CLANG_WARN_INFINITE_RECURSION = YES;
				CLANG_WARN_INT_CONVERSION = YES;
				CLANG_WARN_NON_LITERAL_NULL_CONVERSION = YES;
				CLANG_WARN_OBJC_LITERAL_CONVERSION = YES;
				CLANG_WARN_OBJC_ROOT_CLASS = YES_ERROR;
				CLANG_WARN_RANGE_LOOP_ANALYSIS = YES;
				CLANG_WARN_STRICT_PROTOTYPES = YES;
				CLANG_WARN_SUSPICIOUS_MOVE = YES;
				CLANG_WARN_UNGUARDED_AVAILABILITY = YES_AGGRESSIVE;
				CLANG_WARN_UNREACHABLE_CODE = YES;
				CLANG_WARN__DUPLICATE_METHOD_MATCH = YES;
				CODE_SIGN_IDENTITY = "iPhone Developer";
				COPY_PHASE_STRIP = NO;
				DEBUG_INFORMATION_FORMAT = dwarf;
				ENABLE_STRICT_OBJC_MSGSEND = YES;
				ENABLE_TESTABILITY = YES;
				GCC_C_LANGUAGE_STANDARD = gnu11;
				GCC_DYNAMIC_NO_PIC = NO;
				GCC_NO_COMMON_BLOCKS = YES;
				GCC_OPTIMIZATION_LEVEL = 0;
				GCC_PREPROCESSOR_DEFINITIONS = (
					"DEBUG=1",
					"$(inherited)",
				);
				GCC_WARN_64_TO_32_BIT_CONVERSION = YES;
				GCC_WARN_ABOUT_RETURN_TYPE = YES_ERROR;
				GCC_WARN_UNDECLARED_SELECTOR = YES;
				GCC_WARN_UNINITIALIZED_AUTOS = YES_AGGRESSIVE;
				GCC_WARN_UNUSED_FUNCTION = YES;
				GCC_WARN_UNUSED_VARIABLE = YES;
				IPHONEOS_DEPLOYMENT_TARGET = 11.0;
				MTL_ENABLE_DEBUG_INFO = YES;
				ONLY_ACTIVE_ARCH = YES;
				SDKROOT = iphoneos;
				SWIFT_ACTIVE_COMPILATION_CONDITIONS = DEBUG;
				SWIFT_OPTIMIZATION_LEVEL = "-Onone";
			};
			name = Debug;
		};
		06DCAA491F3327C6006917D9 /* Release */ = {
			isa = XCBuildConfiguration;
			buildSettings = {
				ALWAYS_SEARCH_USER_PATHS = NO;
				CLANG_ANALYZER_NONNULL = YES;
				CLANG_ANALYZER_NUMBER_OBJECT_CONVERSION = YES_AGGRESSIVE;
				CLANG_CXX_LANGUAGE_STANDARD = "gnu++14";
				CLANG_CXX_LIBRARY = "libc++";
				CLANG_ENABLE_MODULES = YES;
				CLANG_ENABLE_OBJC_ARC = YES;
				CLANG_WARN_BLOCK_CAPTURE_AUTORELEASING = YES;
				CLANG_WARN_BOOL_CONVERSION = YES;
				CLANG_WARN_COMMA = YES;
				CLANG_WARN_CONSTANT_CONVERSION = YES;
				CLANG_WARN_DIRECT_OBJC_ISA_USAGE = YES_ERROR;
				CLANG_WARN_DOCUMENTATION_COMMENTS = YES;
				CLANG_WARN_EMPTY_BODY = YES;
				CLANG_WARN_ENUM_CONVERSION = YES;
				CLANG_WARN_INFINITE_RECURSION = YES;
				CLANG_WARN_INT_CONVERSION = YES;
				CLANG_WARN_NON_LITERAL_NULL_CONVERSION = YES;
				CLANG_WARN_OBJC_LITERAL_CONVERSION = YES;
				CLANG_WARN_OBJC_ROOT_CLASS = YES_ERROR;
				CLANG_WARN_RANGE_LOOP_ANALYSIS = YES;
				CLANG_WARN_STRICT_PROTOTYPES = YES;
				CLANG_WARN_SUSPICIOUS_MOVE = YES;
				CLANG_WARN_UNGUARDED_AVAILABILITY = YES_AGGRESSIVE;
				CLANG_WARN_UNREACHABLE_CODE = YES;
				CLANG_WARN__DUPLICATE_METHOD_MATCH = YES;
				CODE_SIGN_IDENTITY = "iPhone Developer";
				COPY_PHASE_STRIP = NO;
				DEBUG_INFORMATION_FORMAT = "dwarf-with-dsym";
				ENABLE_NS_ASSERTIONS = NO;
				ENABLE_STRICT_OBJC_MSGSEND = YES;
				GCC_C_LANGUAGE_STANDARD = gnu11;
				GCC_NO_COMMON_BLOCKS = YES;
				GCC_WARN_64_TO_32_BIT_CONVERSION = YES;
				GCC_WARN_ABOUT_RETURN_TYPE = YES_ERROR;
				GCC_WARN_UNDECLARED_SELECTOR = YES;
				GCC_WARN_UNINITIALIZED_AUTOS = YES_AGGRESSIVE;
				GCC_WARN_UNUSED_FUNCTION = YES;
				GCC_WARN_UNUSED_VARIABLE = YES;
				IPHONEOS_DEPLOYMENT_TARGET = 11.0;
				MTL_ENABLE_DEBUG_INFO = NO;
				SDKROOT = iphoneos;
				SWIFT_OPTIMIZATION_LEVEL = "-Owholemodule";
				VALIDATE_PRODUCT = YES;
			};
			name = Release;
		};
		06DCAA4B1F3327C6006917D9 /* Debug */ = {
			isa = XCBuildConfiguration;
			buildSettings = {
				ASSETCATALOG_COMPILER_APPICON_NAME = AppIcon;
				DEVELOPMENT_TEAM = GPVA8JVMU3;
				INFOPLIST_FILE = cARd/Info.plist;
				LD_RUNPATH_SEARCH_PATHS = "$(inherited) @executable_path/Frameworks";
				PRODUCT_BUNDLE_IDENTIFIER = com.rosberry.cARd;
				PRODUCT_NAME = "$(TARGET_NAME)";
				SWIFT_VERSION = 4.0;
				TARGETED_DEVICE_FAMILY = "1,2";
			};
			name = Debug;
		};
		06DCAA4C1F3327C6006917D9 /* Release */ = {
			isa = XCBuildConfiguration;
			buildSettings = {
				ASSETCATALOG_COMPILER_APPICON_NAME = AppIcon;
				DEVELOPMENT_TEAM = GPVA8JVMU3;
				INFOPLIST_FILE = cARd/Info.plist;
				LD_RUNPATH_SEARCH_PATHS = "$(inherited) @executable_path/Frameworks";
				PRODUCT_BUNDLE_IDENTIFIER = com.rosberry.cARd;
				PRODUCT_NAME = "$(TARGET_NAME)";
				SWIFT_VERSION = 4.0;
				TARGETED_DEVICE_FAMILY = "1,2";
			};
			name = Release;
		};
/* End XCBuildConfiguration section */

/* Begin XCConfigurationList section */
		06DCAA311F3327C5006917D9 /* Build configuration list for PBXProject "cARd" */ = {
			isa = XCConfigurationList;
			buildConfigurations = (
				06DCAA481F3327C6006917D9 /* Debug */,
				06DCAA491F3327C6006917D9 /* Release */,
			);
			defaultConfigurationIsVisible = 0;
			defaultConfigurationName = Release;
		};
		06DCAA4A1F3327C6006917D9 /* Build configuration list for PBXNativeTarget "cARd" */ = {
			isa = XCConfigurationList;
			buildConfigurations = (
				06DCAA4B1F3327C6006917D9 /* Debug */,
				06DCAA4C1F3327C6006917D9 /* Release */,
			);
			defaultConfigurationIsVisible = 0;
			defaultConfigurationName = Release;
		};
/* End XCConfigurationList section */
	};
	rootObject = 06DCAA2E1F3327C5006917D9 /* Project object */;
}
